
Microsoft Visual Studio Solution File, Format Version 12.00
# Visual Studio Version 17
VisualStudioVersion = 17.0.31808.319
MinimumVisualStudioVersion = 10.0.40219.1
Project("{9A19103F-16F7-4668-BE54-9A1E7A4F7556}") = "NanoCode.Database", "NanoCode.Database\NanoCode.Database.csproj", "{86D22080-D916-498A-B63C-718D73141595}"
EndProject
Project("{9A19103F-16F7-4668-BE54-9A1E7A4F7556}") = "NanoCode.Database.SqlServer", "NanoCode.Database.SqlServer\NanoCode.Database.SqlServer.csproj", "{CB70502E-BD7F-4AA0-AB88-0585C812FE43}"
EndProject
Project("{9A19103F-16F7-4668-BE54-9A1E7A4F7556}") = "NanoCode.Database.PostgreSql", "NanoCode.Database.PostgreSql\NanoCode.Database.PostgreSql.csproj", "{7319E064-CB3A-4C6E-81D9-98BCB2B3D925}"
EndProject
Project("{9A19103F-16F7-4668-BE54-9A1E7A4F7556}") = "NanoCode.Database.Oracle", "NanoCode.Database.Oracle\NanoCode.Database.Oracle.csproj", "{0E64EF63-339F-4B17-AB0A-818755EEB062}"
EndProject
Project("{9A19103F-16F7-4668-BE54-9A1E7A4F7556}") = "NanoCode.Database.MySql", "NanoCode.Database.MySql\NanoCode.Database.MySql.csproj", "{F916A148-EA71-49BC-A97A-152BED4C8777}"
EndProject
Project("{9A19103F-16F7-4668-BE54-9A1E7A4F7556}") = "NanoCode.Database.Sqlite", "NanoCode.Database.Sqlite\NanoCode.Database.Sqlite.csproj", "{2D0EBF5D-3D34-4E5B-A2C5-74EEB0A8E4BC}"
EndProject
Project("{2150E333-8FDC-42A3-9474-1A3956D46DE8}") = "Code", "Code", "{6F5FCBF2-F958-42F6-861C-B46A7226DA86}"
EndProject
Project("{2150E333-8FDC-42A3-9474-1A3956D46DE8}") = "Examples", "Examples", "{820AACE5-B221-405E-B35E-FACC4E174505}"
EndProject
Project("{2150E333-8FDC-42A3-9474-1A3956D46DE8}") = "Unit Tests", "Unit Tests", "{C90060C3-C151-482C-A0B0-1BBF3ACD5E4B}"
EndProject
Project("{9A19103F-16F7-4668-BE54-9A1E7A4F7556}") = "NanoCode.Database.Tests", "NanoCode.Database.Tests\NanoCode.Database.Tests.csproj", "{A9908138-AE06-422B-B7E5-2765F2DF35F6}"
EndProject
Project("{9A19103F-16F7-4668-BE54-9A1E7A4F7556}") = "NanoCode.Database.MySql.Tests", "NanoCode.Database.MySql.Tests\NanoCode.Database.MySql.Tests.csproj", "{E11A24D3-AB30-4DEA-86E6-B5E9B2ECF71E}"
EndProject
Project("{9A19103F-16F7-4668-BE54-9A1E7A4F7556}") = "NanoCode.Database.Oracle.Tests", "NanoCode.Database.Oracle.Tests\NanoCode.Database.Oracle.Tests.csproj", "{BB8BD6D4-3105-497C-AA29-CF7AA838D022}"
EndProject
Project("{9A19103F-16F7-4668-BE54-9A1E7A4F7556}") = "NanoCode.Database.PostgreSql.Tests", "NanoCode.Database.PostgreSql.Tests\NanoCode.Database.PostgreSql.Tests.csproj", "{90570A4B-AAFF-4318-9182-DD3A4F55DAB8}"
EndProject
Project("{9A19103F-16F7-4668-BE54-9A1E7A4F7556}") = "NanoCode.Database.Sqlite.Tests", "NanoCode.Database.Sqlite.Tests\NanoCode.Database.Sqlite.Tests.csproj", "{7FF26F06-9FFF-4A8E-BE33-31643948365E}"
EndProject
Project("{9A19103F-16F7-4668-BE54-9A1E7A4F7556}") = "NanoCode.Database.SqlServer.Tests", "NanoCode.Database.SqlServer.Tests\NanoCode.Database.SqlServer.Tests.csproj", "{18907A26-CF0E-4232-BB73-0587C0921B51}"
EndProject
Project("{FAE04EC0-301F-11D3-BF4B-00C04F79EFBC}") = "NanoCode.Database.Examples", "NanoCode.Database.Examples\NanoCode.Database.Examples.csproj", "{69026495-0357-43B4-B0D9-B9C34004B66F}"
EndProject
Global
	GlobalSection(SolutionConfigurationPlatforms) = preSolution
		Debug|Any CPU = Debug|Any CPU
		Release|Any CPU = Release|Any CPU
	EndGlobalSection
	GlobalSection(ProjectConfigurationPlatforms) = postSolution
		{86D22080-D916-498A-B63C-718D73141595}.Debug|Any CPU.ActiveCfg = Debug|Any CPU
		{86D22080-D916-498A-B63C-718D73141595}.Debug|Any CPU.Build.0 = Debug|Any CPU
		{86D22080-D916-498A-B63C-718D73141595}.Release|Any CPU.ActiveCfg = Release|Any CPU
		{86D22080-D916-498A-B63C-718D73141595}.Release|Any CPU.Build.0 = Release|Any CPU
		{CB70502E-BD7F-4AA0-AB88-0585C812FE43}.Debug|Any CPU.ActiveCfg = Debug|Any CPU
		{CB70502E-BD7F-4AA0-AB88-0585C812FE43}.Debug|Any CPU.Build.0 = Debug|Any CPU
		{CB70502E-BD7F-4AA0-AB88-0585C812FE43}.Release|Any CPU.ActiveCfg = Release|Any CPU
		{CB70502E-BD7F-4AA0-AB88-0585C812FE43}.Release|Any CPU.Build.0 = Release|Any CPU
		{7319E064-CB3A-4C6E-81D9-98BCB2B3D925}.Debug|Any CPU.ActiveCfg = Debug|Any CPU
		{7319E064-CB3A-4C6E-81D9-98BCB2B3D925}.Debug|Any CPU.Build.0 = Debug|Any CPU
		{7319E064-CB3A-4C6E-81D9-98BCB2B3D925}.Release|Any CPU.ActiveCfg = Release|Any CPU
		{7319E064-CB3A-4C6E-81D9-98BCB2B3D925}.Release|Any CPU.Build.0 = Release|Any CPU
		{0E64EF63-339F-4B17-AB0A-818755EEB062}.Debug|Any CPU.ActiveCfg = Debug|Any CPU
		{0E64EF63-339F-4B17-AB0A-818755EEB062}.Debug|Any CPU.Build.0 = Debug|Any CPU
		{0E64EF63-339F-4B17-AB0A-818755EEB062}.Release|Any CPU.ActiveCfg = Release|Any CPU
		{0E64EF63-339F-4B17-AB0A-818755EEB062}.Release|Any CPU.Build.0 = Release|Any CPU
		{F916A148-EA71-49BC-A97A-152BED4C8777}.Debug|Any CPU.ActiveCfg = Debug|Any CPU
		{F916A148-EA71-49BC-A97A-152BED4C8777}.Debug|Any CPU.Build.0 = Debug|Any CPU
		{F916A148-EA71-49BC-A97A-152BED4C8777}.Release|Any CPU.ActiveCfg = Release|Any CPU
		{F916A148-EA71-49BC-A97A-152BED4C8777}.Release|Any CPU.Build.0 = Release|Any CPU
		{2D0EBF5D-3D34-4E5B-A2C5-74EEB0A8E4BC}.Debug|Any CPU.ActiveCfg = Debug|Any CPU
		{2D0EBF5D-3D34-4E5B-A2C5-74EEB0A8E4BC}.Debug|Any CPU.Build.0 = Debug|Any CPU
		{2D0EBF5D-3D34-4E5B-A2C5-74EEB0A8E4BC}.Release|Any CPU.ActiveCfg = Release|Any CPU
		{2D0EBF5D-3D34-4E5B-A2C5-74EEB0A8E4BC}.Release|Any CPU.Build.0 = Release|Any CPU
		{A9908138-AE06-422B-B7E5-2765F2DF35F6}.Debug|Any CPU.ActiveCfg = Debug|Any CPU
		{A9908138-AE06-422B-B7E5-2765F2DF35F6}.Debug|Any CPU.Build.0 = Debug|Any CPU
		{A9908138-AE06-422B-B7E5-2765F2DF35F6}.Release|Any CPU.ActiveCfg = Release|Any CPU
		{A9908138-AE06-422B-B7E5-2765F2DF35F6}.Release|Any CPU.Build.0 = Release|Any CPU
		{E11A24D3-AB30-4DEA-86E6-B5E9B2ECF71E}.Debug|Any CPU.ActiveCfg = Debug|Any CPU
		{E11A24D3-AB30-4DEA-86E6-B5E9B2ECF71E}.Debug|Any CPU.Build.0 = Debug|Any CPU
		{E11A24D3-AB30-4DEA-86E6-B5E9B2ECF71E}.Release|Any CPU.ActiveCfg = Release|Any CPU
		{E11A24D3-AB30-4DEA-86E6-B5E9B2ECF71E}.Release|Any CPU.Build.0 = Release|Any CPU
		{BB8BD6D4-3105-497C-AA29-CF7AA838D022}.Debug|Any CPU.ActiveCfg = Debug|Any CPU
		{BB8BD6D4-3105-497C-AA29-CF7AA838D022}.Debug|Any CPU.Build.0 = Debug|Any CPU
		{BB8BD6D4-3105-497C-AA29-CF7AA838D022}.Release|Any CPU.ActiveCfg = Release|Any CPU
		{BB8BD6D4-3105-497C-AA29-CF7AA838D022}.Release|Any CPU.Build.0 = Release|Any CPU
		{90570A4B-AAFF-4318-9182-DD3A4F55DAB8}.Debug|Any CPU.ActiveCfg = Debug|Any CPU
		{90570A4B-AAFF-4318-9182-DD3A4F55DAB8}.Debug|Any CPU.Build.0 = Debug|Any CPU
		{90570A4B-AAFF-4318-9182-DD3A4F55DAB8}.Release|Any CPU.ActiveCfg = Release|Any CPU
		{90570A4B-AAFF-4318-9182-DD3A4F55DAB8}.Release|Any CPU.Build.0 = Release|Any CPU
		{7FF26F06-9FFF-4A8E-BE33-31643948365E}.Debug|Any CPU.ActiveCfg = Debug|Any CPU
		{7FF26F06-9FFF-4A8E-BE33-31643948365E}.Debug|Any CPU.Build.0 = Debug|Any CPU
		{7FF26F06-9FFF-4A8E-BE33-31643948365E}.Release|Any CPU.ActiveCfg = Release|Any CPU
		{7FF26F06-9FFF-4A8E-BE33-31643948365E}.Release|Any CPU.Build.0 = Release|Any CPU
		{18907A26-CF0E-4232-BB73-0587C0921B51}.Debug|Any CPU.ActiveCfg = Debug|Any CPU
		{18907A26-CF0E-4232-BB73-0587C0921B51}.Debug|Any CPU.Build.0 = Debug|Any CPU
		{18907A26-CF0E-4232-BB73-0587C0921B51}.Release|Any CPU.ActiveCfg = Release|Any CPU
		{18907A26-CF0E-4232-BB73-0587C0921B51}.Release|Any CPU.Build.0 = Release|Any CPU
		{69026495-0357-43B4-B0D9-B9C34004B66F}.Debug|Any CPU.ActiveCfg = Debug|Any CPU
		{69026495-0357-43B4-B0D9-B9C34004B66F}.Debug|Any CPU.Build.0 = Debug|Any CPU
		{69026495-0357-43B4-B0D9-B9C34004B66F}.Release|Any CPU.ActiveCfg = Release|Any CPU
		{69026495-0357-43B4-B0D9-B9C34004B66F}.Release|Any CPU.Build.0 = Release|Any CPU
	EndGlobalSection
	GlobalSection(SolutionProperties) = preSolution
		HideSolutionNode = FALSE
	EndGlobalSection
	GlobalSection(NestedProjects) = preSolution
		{86D22080-D916-498A-B63C-718D73141595} = {6F5FCBF2-F958-42F6-861C-B46A7226DA86}
		{CB70502E-BD7F-4AA0-AB88-0585C812FE43} = {6F5FCBF2-F958-42F6-861C-B46A7226DA86}
		{7319E064-CB3A-4C6E-81D9-98BCB2B3D925} = {6F5FCBF2-F958-42F6-861C-B46A7226DA86}
		{0E64EF63-339F-4B17-AB0A-818755EEB062} = {6F5FCBF2-F958-42F6-861C-B46A7226DA86}
		{F916A148-EA71-49BC-A97A-152BED4C8777} = {6F5FCBF2-F958-42F6-861C-B46A7226DA86}
		{2D0EBF5D-3D34-4E5B-A2C5-74EEB0A8E4BC} = {6F5FCBF2-F958-42F6-861C-B46A7226DA86}
		{A9908138-AE06-422B-B7E5-2765F2DF35F6} = {C90060C3-C151-482C-A0B0-1BBF3ACD5E4B}
		{E11A24D3-AB30-4DEA-86E6-B5E9B2ECF71E} = {C90060C3-C151-482C-A0B0-1BBF3ACD5E4B}
		{BB8BD6D4-3105-497C-AA29-CF7AA838D022} = {C90060C3-C151-482C-A0B0-1BBF3ACD5E4B}
		{90570A4B-AAFF-4318-9182-DD3A4F55DAB8} = {C90060C3-C151-482C-A0B0-1BBF3ACD5E4B}
		{7FF26F06-9FFF-4A8E-BE33-31643948365E} = {C90060C3-C151-482C-A0B0-1BBF3ACD5E4B}
		{18907A26-CF0E-4232-BB73-0587C0921B51} = {C90060C3-C151-482C-A0B0-1BBF3ACD5E4B}
		{69026495-0357-43B4-B0D9-B9C34004B66F} = {820AACE5-B221-405E-B35E-FACC4E174505}
	EndGlobalSection
	GlobalSection(ExtensibilityGlobals) = postSolution
		SolutionGuid = {8592E19E-8D32-413E-9DC9-AD5668D1C9D7}
	EndGlobalSection
EndGlobal
